# THIS IS AN AUTOGENERATED FILE. DO NOT EDIT THIS FILE DIRECTLY.
# yarn lockfile v1


"@discordjs/builders@^0.11.0":
  version "0.11.0"
  resolved "https://registry.yarnpkg.com/@discordjs/builders/-/builders-0.11.0.tgz#4102abe3e0cd093501f3f71931df43eb92f5b0cc"
  integrity sha512-ZTB8yJdJKrKlq44dpWkNUrAtEJEq0gqpb7ASdv4vmq6/mZal5kOv312hQ56I/vxwMre+VIkoHquNUAfnTbiYtg==
  dependencies:
    "@sindresorhus/is" "^4.2.0"
    discord-api-types "^0.26.0"
    ts-mixer "^6.0.0"
    tslib "^2.3.1"
    zod "^3.11.6"

"@discordjs/collection@^0.4.0":
  version "0.4.0"
  resolved "https://registry.yarnpkg.com/@discordjs/collection/-/collection-0.4.0.tgz#b6488286a1cc7b41b644d7e6086f25a1c1e6f837"
  integrity sha512-zmjq+l/rV35kE6zRrwe8BHqV78JvIh2ybJeZavBi5NySjWXqN3hmmAKg7kYMMXSeiWtSsMoZ/+MQi0DiQWy2lw==

"@sapphire/async-queue@^1.1.9":
  version "1.1.9"
  resolved "https://registry.yarnpkg.com/@sapphire/async-queue/-/async-queue-1.1.9.tgz#ce69611c8753c4affd905a7ef43061c7eb95c01b"
  integrity sha512-CbXaGwwlEMq+l1TRu01FJCvySJ1CEFKFclHT48nIfNeZXaAAmmwwy7scUKmYHPUa3GhoMp6Qr1B3eAJux6XgOQ==

"@sindresorhus/is@^4.2.0":
  version "4.2.0"
  resolved "https://registry.yarnpkg.com/@sindresorhus/is/-/is-4.2.0.tgz#667bfc6186ae7c9e0b45a08960c551437176e1ca"
  integrity sha512-VkE3KLBmJwcCaVARtQpfuKcKv8gcBmUubrfHGF84dXuuW6jgsRYxPtzcIhPyK9WAPpRt2/xY6zkD9MnRaJzSyw==

"@types/node-fetch@^2.5.12":
  version "2.5.12"
  resolved "https://registry.yarnpkg.com/@types/node-fetch/-/node-fetch-2.5.12.tgz#8a6f779b1d4e60b7a57fb6fd48d84fb545b9cc66"
  integrity sha512-MKgC4dlq4kKNa/mYrwpKfzQMB5X3ee5U6fSprkKpToBqBmX4nFZL9cW5jl6sWn+xpRJ7ypWh2yyqqr8UUCstSw==
  dependencies:
    "@types/node" "*"
    form-data "^3.0.0"

"@types/node@*":
  version "17.0.5"
  resolved "https://registry.yarnpkg.com/@types/node/-/node-17.0.5.tgz#57ca67ec4e57ad9e4ef5a6bab48a15387a1c83e0"
  integrity sha512-w3mrvNXLeDYV1GKTZorGJQivK6XLCoGwpnyJFbJVK/aTBQUxOCaa/GlFAAN3OTDFcb7h5tiFG+YXCO2By+riZw==

"@types/ws@^8.2.2":
  version "8.2.2"
  resolved "https://registry.yarnpkg.com/@types/ws/-/ws-8.2.2.tgz#7c5be4decb19500ae6b3d563043cd407bf366c21"
  integrity sha512-NOn5eIcgWLOo6qW8AcuLZ7G8PycXu0xTxxkS6Q18VWFxgPUSOwV0pBj2a/4viNZVu25i7RIB7GttdkAIUUXOOg==
  dependencies:
    "@types/node" "*"

asynckit@^0.4.0:
  version "0.4.0"
  resolved "https://registry.yarnpkg.com/asynckit/-/asynckit-0.4.0.tgz#c79ed97f7f34cb8f2ba1bc9790bcc366474b4b79"
  integrity sha1-x57Zf380y48robyXkLzDZkdLS3k=

at-least-node@^1.0.0:
  version "1.0.0"
  resolved "https://registry.yarnpkg.com/at-least-node/-/at-least-node-1.0.0.tgz#602cd4b46e844ad4effc92a8011a3c46e0238dc2"
  integrity sha512-+q/t7Ekv1EDY2l6Gda6LLiX14rU9TV20Wa3ofeQmwPFZbOMo9DXrLbOjFaaclkXKWidIaopwAObQDqwWtGUjqg==

combined-stream@^1.0.8:
  version "1.0.8"
  resolved "https://registry.yarnpkg.com/combined-stream/-/combined-stream-1.0.8.tgz#c3d45a8b34fd730631a110a8a2520682b31d5a7f"
  integrity sha512-FQN4MRfuJeHf7cBbBMJFXhKSDq+2kAArBlmRBvcvFE5BB1HZKXtSFASDhdlz9zOYwxh8lDdnvmMOe/+5cdoEdg==
  dependencies:
    delayed-stream "~1.0.0"

delayed-stream@~1.0.0:
  version "1.0.0"
  resolved "https://registry.yarnpkg.com/delayed-stream/-/delayed-stream-1.0.0.tgz#df3ae199acadfb7d440aaae0b29e2272b24ec619"
  integrity sha1-3zrhmayt+31ECqrgsp4icrJOxhk=

discord-api-types@^0.26.0:
  version "0.26.0"
  resolved "https://registry.yarnpkg.com/discord-api-types/-/discord-api-types-0.26.0.tgz#0134c6ee919035f2075ac1af9cdc0898b8dae71d"
  integrity sha512-bnUltSHpQLzTVZTMjm+iNgVhAbtm5oAKHrhtiPaZoxprbm1UtuCZCsG0yXM61NamWfeSz7xnLvgFc50YzVJ5cQ==

discord.js@^13.5.0:
  version "13.5.0"
  resolved "https://registry.yarnpkg.com/discord.js/-/discord.js-13.5.0.tgz#f9ca9e629f2de0fb138e8c916fa93e40d70631f5"
  integrity sha512-K+ZcB0f+wA1ZzDhz3hlaAi4Ap7jSvVEUZ+U29T4DMoiNNUv22F4vu1byrOq8GyyLLDFiZ3iSudea0MvSHu3fQA==
  dependencies:
    "@discordjs/builders" "^0.11.0"
    "@discordjs/collection" "^0.4.0"
    "@sapphire/async-queue" "^1.1.9"
    "@types/node-fetch" "^2.5.12"
    "@types/ws" "^8.2.2"
    discord-api-types "^0.26.0"
    form-data "^4.0.0"
    node-fetch "^2.6.1"
    ws "^8.4.0"

dotenv@^10.0.0:
  version "10.0.0"
  resolved "https://registry.yarnpkg.com/dotenv/-/dotenv-10.0.0.tgz#3d4227b8fb95f81096cdd2b66653fb2c7085ba81"
  integrity sha512-rlBi9d8jpv9Sf1klPjNfFAuWDjKLwTIJJ/VxtoTwIR6hnZxcEOQCZg2oIL3MWBYw5GpUDKOEnND7LXTbIpQ03Q==

esbuild-android-arm64@0.14.10:
  version "0.14.10"
  resolved "https://registry.yarnpkg.com/esbuild-android-arm64/-/esbuild-android-arm64-0.14.10.tgz#c854db57dc2d4df6f4f62185ca812f26a132bf1e"
  integrity sha512-vzkTafHKoiMX4uIN1kBnE/HXYLpNT95EgGanVk6DHGeYgDolU0NBxjO7yZpq4ZGFPOx8384eAdDrBYhO11TAlQ==

esbuild-darwin-64@0.14.10:
  version "0.14.10"
  resolved "https://registry.yarnpkg.com/esbuild-darwin-64/-/esbuild-darwin-64-0.14.10.tgz#c44fab6b8bfc83e5d083f513e4acbff14fb82eac"
  integrity sha512-DJwzFVB95ZV7C3PQbf052WqaUuuMFXJeZJ0LKdnP1w+QOU0rlbKfX0tzuhoS//rOXUj1TFIwRuRsd0FX6skR7A==

esbuild-darwin-arm64@0.14.10:
  version "0.14.10"
  resolved "https://registry.yarnpkg.com/esbuild-darwin-arm64/-/esbuild-darwin-arm64-0.14.10.tgz#9454b3763b36407dc395c4c3529fb5ddd4a6225f"
  integrity sha512-RNaaoZDg3nsqs5z56vYCjk/VJ76npf752W0rOaCl5lO5TsgV9zecfdYgt7dtUrIx8b7APhVaNYud+tGsDOVC9g==

esbuild-freebsd-64@0.14.10:
  version "0.14.10"
  resolved "https://registry.yarnpkg.com/esbuild-freebsd-64/-/esbuild-freebsd-64-0.14.10.tgz#04eef46d5d5e4152c6b5a6a12f432db0fe7c89de"
  integrity sha512-10B3AzW894u6bGZZhWiJOHw1uEHb4AFbUuBdyml1Ht0vIqd+KqWW+iY/yMwQAzILr2WJZqEhbOXRkJtY8aRqOw==

esbuild-freebsd-arm64@0.14.10:
  version "0.14.10"
  resolved "https://registry.yarnpkg.com/esbuild-freebsd-arm64/-/esbuild-freebsd-arm64-0.14.10.tgz#67ca88529543ada948737c95819253ead16494a7"
  integrity sha512-mSQrKB7UaWvuryBTCo9leOfY2uEUSimAvcKIaUWbk5Hth9Sg+Try+qNA/NibPgs/vHkX0KFo/Rce6RPea+P15g==

esbuild-linux-32@0.14.10:
  version "0.14.10"
  resolved "https://registry.yarnpkg.com/esbuild-linux-32/-/esbuild-linux-32-0.14.10.tgz#8f3d5fb0b9b616d6b604da781d71767d7679f64f"
  integrity sha512-lktF09JgJLZ63ANYHIPdYe339PDuVn19Q/FcGKkXWf+jSPkn5xkYzAabboNGZNUgNqSJ/vY7VrOn6UrBbJjgYA==

esbuild-linux-64@0.14.10:
  version "0.14.10"
  resolved "https://registry.yarnpkg.com/esbuild-linux-64/-/esbuild-linux-64-0.14.10.tgz#c1c60a079c4709164bdd89fbb007a2edeea7c34a"
  integrity sha512-K+gCQz2oLIIBI8ZM77e9sYD5/DwEpeYCrOQ2SYXx+R4OU2CT9QjJDi4/OpE7ko4AcYMlMW7qrOCuLSgAlEj4Wg==

esbuild-linux-arm64@0.14.10:
  version "0.14.10"
  resolved "https://registry.yarnpkg.com/esbuild-linux-arm64/-/esbuild-linux-arm64-0.14.10.tgz#d8f1f89190f6d8b6e06a1214aafba454e5daa990"
  integrity sha512-+qocQuQvcp5wo/V+OLXxqHPc+gxHttJEvbU/xrCGE03vIMqraL4wMua8JQx0SWEnJCWP+Nhf//v8OSwz1Xr5kA==

esbuild-linux-arm@0.14.10:
  version "0.14.10"
  resolved "https://registry.yarnpkg.com/esbuild-linux-arm/-/esbuild-linux-arm-0.14.10.tgz#43192a00019a4553fb44e67f628fff0f560f16c2"
  integrity sha512-BYa60dZ/KPmNKYxtHa3LSEdfKWHcm/RzP0MjB4AeBPhjS0D6/okhaBesZIY9kVIGDyeenKsJNOmnVt4+dhNnvQ==

esbuild-linux-mips64le@0.14.10:
  version "0.14.10"
  resolved "https://registry.yarnpkg.com/esbuild-linux-mips64le/-/esbuild-linux-mips64le-0.14.10.tgz#f57bb8b2f1a3063cc91cfd787c8a9130cf863c16"
  integrity sha512-nmUd2xoBXpGo4NJCEWoaBj+n4EtDoLEvEYc8Z3aSJrY0Oa6s04czD1flmhd0I/d6QEU8b7GQ9U0g/rtBfhtxBg==

esbuild-linux-ppc64le@0.14.10:
  version "0.14.10"
  resolved "https://registry.yarnpkg.com/esbuild-linux-ppc64le/-/esbuild-linux-ppc64le-0.14.10.tgz#becd965bfe3425d41e026f1c4678b393127fecbd"
  integrity sha512-vsOWZjm0rZix7HSmqwPph9arRVCyPtUpcURdayQDuIhMG2/UxJxpbdRaa//w4zYqcJzAWwuyH2PAlyy0ZNuxqQ==

esbuild-linux-s390x@0.14.10:
  version "0.14.10"
  resolved "https://registry.yarnpkg.com/esbuild-linux-s390x/-/esbuild-linux-s390x-0.14.10.tgz#cc4228ac842febc48b84757814bed964a619be62"
  integrity sha512-knArKKZm0ypIYWOWyOT7+accVwbVV1LZnl2FWWy05u9Tyv5oqJ2F5+X2Vqe/gqd61enJXQWqoufXopvG3zULOg==

esbuild-netbsd-64@0.14.10:
  version "0.14.10"
  resolved "https://registry.yarnpkg.com/esbuild-netbsd-64/-/esbuild-netbsd-64-0.14.10.tgz#6ec50d9e4547a7579f447307b19f66bbedfd868b"
  integrity sha512-6Gg8neVcLeyq0yt9bZpReb8ntZ8LBEjthxrcYWVrBElcltnDjIy1hrzsujt0+sC2rL+TlSsE9dzgyuvlDdPp2w==

esbuild-openbsd-64@0.14.10:
  version "0.14.10"
  resolved "https://registry.yarnpkg.com/esbuild-openbsd-64/-/esbuild-openbsd-64-0.14.10.tgz#925ac3d2326cc219d514e1ca806e80e5143aa043"
  integrity sha512-9rkHZzp10zI90CfKbFrwmQjqZaeDmyQ6s9/hvCwRkbOCHuto6RvMYH9ghQpcr5cUxD5OQIA+sHXi0zokRNXjcg==

esbuild-plugin-fileloc@^0.0.6:
  version "0.0.6"
  resolved "https://registry.yarnpkg.com/esbuild-plugin-fileloc/-/esbuild-plugin-fileloc-0.0.6.tgz#146d9b4812912aecb3a7df8c4538525c10a4716e"
  integrity sha512-NfuXDBRDC9qeZ6bSr+FlBqOwtbe4uwkxYnrgyF5aA6LmMwUD1u0B8g8blq2kGB2xIf3x7lgUNq6K8pjlO8is/g==
  dependencies:
    fs-extra "^9.1.0"

esbuild-sunos-64@0.14.10:
  version "0.14.10"
  resolved "https://registry.yarnpkg.com/esbuild-sunos-64/-/esbuild-sunos-64-0.14.10.tgz#8d3576d8cac5c4f9f2a84be81b9078d424dbc739"
  integrity sha512-mEU+pqkhkhbwpJj5DiN3vL0GUFR/yrL3qj8ER1amIVyRibKbj02VM1QaIuk1sy5DRVIKiFXXgCaHvH3RNWCHIw==

esbuild-windows-32@0.14.10:
  version "0.14.10"
  resolved "https://registry.yarnpkg.com/esbuild-windows-32/-/esbuild-windows-32-0.14.10.tgz#8a67fca4cb594a340566d66eef3f568f65057a48"
  integrity sha512-Z5DieUL1N6s78dOSdL95KWf8Y89RtPGxIoMF+LEy8ChDsX+pZpz6uAVCn+YaWpqQXO+2TnrcbgBIoprq2Mco1g==

esbuild-windows-64@0.14.10:
  version "0.14.10"
  resolved "https://registry.yarnpkg.com/esbuild-windows-64/-/esbuild-windows-64-0.14.10.tgz#5e6d7c475ff6a71ad0aa4046894364e6c40a9249"
  integrity sha512-LE5Mm62y0Bilu7RDryBhHIX8rK3at5VwJ6IGM3BsASidCfOBTzqcs7Yy0/Vkq39VKeTmy9/66BAfVoZRNznoDw==

esbuild-windows-arm64@0.14.10:
  version "0.14.10"
  resolved "https://registry.yarnpkg.com/esbuild-windows-arm64/-/esbuild-windows-arm64-0.14.10.tgz#50ab9a83f6ccf71c272e58489ecc4d7375075f32"
  integrity sha512-OJOyxDtabvcUYTc+O4dR0JMzLBz6G9+gXIHA7Oc5d5Fv1xiYa0nUeo8+W5s2e6ZkPRdIwOseYoL70rZz80S5BA==

esbuild@^0.14.10:
  version "0.14.10"
  resolved "https://registry.yarnpkg.com/esbuild/-/esbuild-0.14.10.tgz#10268d2b576b25ed6f8554553413988628a7767b"
  integrity sha512-ibZb+NwFqBwHHJlpnFMtg4aNmVK+LUtYMFC9CuKs6lDCBEvCHpqCFZFEirpqt1jOugwKGx8gALNGvX56lQyfew==
  optionalDependencies:
    esbuild-android-arm64 "0.14.10"
    esbuild-darwin-64 "0.14.10"
    esbuild-darwin-arm64 "0.14.10"
    esbuild-freebsd-64 "0.14.10"
    esbuild-freebsd-arm64 "0.14.10"
    esbuild-linux-32 "0.14.10"
    esbuild-linux-64 "0.14.10"
    esbuild-linux-arm "0.14.10"
    esbuild-linux-arm64 "0.14.10"
    esbuild-linux-mips64le "0.14.10"
    esbuild-linux-ppc64le "0.14.10"
    esbuild-linux-s390x "0.14.10"
    esbuild-netbsd-64 "0.14.10"
    esbuild-openbsd-64 "0.14.10"
    esbuild-sunos-64 "0.14.10"
    esbuild-windows-32 "0.14.10"
    esbuild-windows-64 "0.14.10"
    esbuild-windows-arm64 "0.14.10"

figlet@^1.5.2:
  version "1.5.2"
  resolved "https://registry.yarnpkg.com/figlet/-/figlet-1.5.2.tgz#dda34ff233c9a48e36fcff6741aeb5bafe49b634"
  integrity sha512-WOn21V8AhyE1QqVfPIVxe3tupJacq1xGkPTB4iagT6o+P2cAgEOOwIxMftr4+ZCTI6d551ij9j61DFr0nsP2uQ==

form-data@^3.0.0:
  version "3.0.1"
  resolved "https://registry.yarnpkg.com/form-data/-/form-data-3.0.1.tgz#ebd53791b78356a99af9a300d4282c4d5eb9755f"
  integrity sha512-RHkBKtLWUVwd7SqRIvCZMEvAMoGUp0XU+seQiZejj0COz3RI3hWP4sCv3gZWWLjJTd7rGwcsF5eKZGii0r/hbg==
  dependencies:
    asynckit "^0.4.0"
    combined-stream "^1.0.8"
    mime-types "^2.1.12"

form-data@^4.0.0:
  version "4.0.0"
  resolved "https://registry.yarnpkg.com/form-data/-/form-data-4.0.0.tgz#93919daeaf361ee529584b9b31664dc12c9fa452"
  integrity sha512-ETEklSGi5t0QMZuiXoA/Q6vcnxcLQP5vdugSpuAyi6SVGi2clPPp+xgEhuMaHC+zGgn31Kd235W35f7Hykkaww==
  dependencies:
    asynckit "^0.4.0"
    combined-stream "^1.0.8"
    mime-types "^2.1.12"

fs-extra@^9.1.0:
  version "9.1.0"
  resolved "https://registry.yarnpkg.com/fs-extra/-/fs-extra-9.1.0.tgz#5954460c764a8da2094ba3554bf839e6b9a7c86d"
  integrity sha512-hcg3ZmepS30/7BSFqRvoo3DOMQu7IjqxO5nCDt+zM9XWjb33Wg7ziNT+Qvqbuc3+gWpzO02JubVyk2G4Zvo1OQ==
  dependencies:
    at-least-node "^1.0.0"
    graceful-fs "^4.2.0"
    jsonfile "^6.0.1"
    universalify "^2.0.0"

graceful-fs@^4.1.6, graceful-fs@^4.2.0:
  version "4.2.8"
  resolved "https://registry.yarnpkg.com/graceful-fs/-/graceful-fs-4.2.8.tgz#e412b8d33f5e006593cbd3cee6df9f2cebbe802a"
  integrity sha512-qkIilPUYcNhJpd33n0GBXTB1MMPp14TxEsEs0pTrsSVucApsYzW5V+Q8Qxhik6KU3evy+qkAAowTByymK0avdg==

jsonfile@^6.0.1:
  version "6.1.0"
  resolved "https://registry.yarnpkg.com/jsonfile/-/jsonfile-6.1.0.tgz#bc55b2634793c679ec6403094eb13698a6ec0aae"
  integrity sha512-5dgndWOriYSm5cnYaJNhalLNDKOqFwyDB/rr1E9ZsGciGvKPs8R2xYGCacuf3z6K1YKDz182fd+fY3cn3pMqXQ==
  dependencies:
    universalify "^2.0.0"
  optionalDependencies:
    graceful-fs "^4.1.6"

mime-db@1.51.0:
  version "1.51.0"
  resolved "https://registry.yarnpkg.com/mime-db/-/mime-db-1.51.0.tgz#d9ff62451859b18342d960850dc3cfb77e63fb0c"
  integrity sha512-5y8A56jg7XVQx2mbv1lu49NR4dokRnhZYTtL+KGfaa27uq4pSTXkwQkFJl4pkRMyNFz/EtYDSkiiEHx3F7UN6g==

mime-types@^2.1.12:
  version "2.1.34"
  resolved "https://registry.yarnpkg.com/mime-types/-/mime-types-2.1.34.tgz#5a712f9ec1503511a945803640fafe09d3793c24"
  integrity sha512-6cP692WwGIs9XXdOO4++N+7qjqv0rqxxVvJ3VHPh/Sc9mVZcQP+ZGhkKiTvWMQRr2tbHkJP/Yn7Y0npb3ZBs4A==
  dependencies:
    mime-db "1.51.0"

node-fetch@^2.6.1:
  version "2.6.6"
  resolved "https://registry.yarnpkg.com/node-fetch/-/node-fetch-2.6.6.tgz#1751a7c01834e8e1697758732e9efb6eeadfaf89"
  integrity sha512-Z8/6vRlTUChSdIgMa51jxQ4lrw/Jy5SOW10ObaA47/RElsAN2c5Pn8bTgFGWn/ibwzXTE8qwr1Yzx28vsecXEA==
  dependencies:
    whatwg-url "^5.0.0"

tr46@~0.0.3:
  version "0.0.3"
  resolved "https://registry.yarnpkg.com/tr46/-/tr46-0.0.3.tgz#8184fd347dac9cdc185992f3a6622e14b9d9ab6a"
  integrity sha1-gYT9NH2snNwYWZLzpmIuFLnZq2o=

ts-mixer@^6.0.0:
  version "6.0.0"
  resolved "https://registry.yarnpkg.com/ts-mixer/-/ts-mixer-6.0.0.tgz#4e631d3a36e3fa9521b973b132e8353bc7267f9f"
  integrity sha512-nXIb1fvdY5CBSrDIblLn73NW0qRDk5yJ0Sk1qPBF560OdJfQp9jhl+0tzcY09OZ9U+6GpeoI9RjwoIKFIoB9MQ==

tslib@^2.3.1:
  version "2.3.1"
  resolved "https://registry.yarnpkg.com/tslib/-/tslib-2.3.1.tgz#e8a335add5ceae51aa261d32a490158ef042ef01"
  integrity sha512-77EbyPPpMz+FRFRuAFlWMtmgUWGe9UOG2Z25NqCwiIjRhOf5iKGuzSe5P2w1laq+FkRy4p+PCuVkJSGkzTEKVw==

universalify@^2.0.0:
  version "2.0.0"
  resolved "https://registry.yarnpkg.com/universalify/-/universalify-2.0.0.tgz#75a4984efedc4b08975c5aeb73f530d02df25717"
  integrity sha512-hAZsKq7Yy11Zu1DE0OzWjw7nnLZmJZYTDZZyEFHZdUhV8FkH5MCfoU1XMaxXovpyW5nq5scPqq0ZDP9Zyl04oQ==

webidl-conversions@^3.0.0:
  version "3.0.1"
  resolved "https://registry.yarnpkg.com/webidl-conversions/-/webidl-conversions-3.0.1.tgz#24534275e2a7bc6be7bc86611cc16ae0a5654871"
  integrity sha1-JFNCdeKnvGvnvIZhHMFq4KVlSHE=

whatwg-url@^5.0.0:
  version "5.0.0"
  resolved "https://registry.yarnpkg.com/whatwg-url/-/whatwg-url-5.0.0.tgz#966454e8765462e37644d3626f6742ce8b70965d"
  integrity sha1-lmRU6HZUYuN2RNNib2dCzotwll0=
  dependencies:
    tr46 "~0.0.3"
    webidl-conversions "^3.0.0"

ws@^8.4.0:
  version "8.4.0"
  resolved "https://registry.yarnpkg.com/ws/-/ws-8.4.0.tgz#f05e982a0a88c604080e8581576e2a063802bed6"
  integrity sha512-IHVsKe2pjajSUIl4KYMQOdlyliovpEPquKkqbwswulszzI7r0SfQrxnXdWAEqOlDCLrVSJzo+O1hAwdog2sKSQ==

zod@^3.11.6:
  version "3.11.6"
  resolved "https://registry.yarnpkg.com/zod/-/zod-3.11.6.tgz#e43a5e0c213ae2e02aefe7cb2b1a6fa3d7f1f483"
  integrity sha512-daZ80A81I3/9lIydI44motWe6n59kRBfNzTuS2bfzVh1nAXi667TOTWWtatxyG+fwgNUiagSj/CWZwRRbevJIg==
